// !$*UTF8*$!
{
	archiveVersion = 1;
	classes = {
	};
	objectVersion = 50;
	objects = {

/* Begin PBXBuildFile section */
		72138CDB22661C060054D597 /* AppDelegate.swift in Sources */ = {isa = PBXBuildFile; fileRef = 72138CDA22661C060054D597 /* AppDelegate.swift */; };
		72138CDD22661C060054D597 /* ViewController.swift in Sources */ = {isa = PBXBuildFile; fileRef = 72138CDC22661C060054D597 /* ViewController.swift */; };
		72138CE022661C060054D597 /* Main.storyboard in Resources */ = {isa = PBXBuildFile; fileRef = 72138CDE22661C060054D597 /* Main.storyboard */; };
		72138CE222661C080054D597 /* Assets.xcassets in Resources */ = {isa = PBXBuildFile; fileRef = 72138CE122661C080054D597 /* Assets.xcassets */; };
		72138CE522661C080054D597 /* LaunchScreen.storyboard in Resources */ = {isa = PBXBuildFile; fileRef = 72138CE322661C080054D597 /* LaunchScreen.storyboard */; };
		7225AD2F2269C24E00ABAA91 /* Delm-Medium.otf in Resources */ = {isa = PBXBuildFile; fileRef = 7225AD2E2269C24E00ABAA91 /* Delm-Medium.otf */; };
		7225AD312269C28100ABAA91 /* ThirstySoftRegular.otf in Resources */ = {isa = PBXBuildFile; fileRef = 7225AD302269C28100ABAA91 /* ThirstySoftRegular.otf */; };
		725F1A462285AA980043A087 /* PhotosLayoutView.swift in Sources */ = {isa = PBXBuildFile; fileRef = 725F1A452285AA980043A087 /* PhotosLayoutView.swift */; };
		72FF51DB2271F9300087291C /* Layout.swift in Sources */ = {isa = PBXBuildFile; fileRef = 72FF51DA2271F92F0087291C /* Layout.swift */; };
/* End PBXBuildFile section */

/* Begin PBXFileReference section */
		72138CD722661C060054D597 /* Instagrid.app */ = {isa = PBXFileReference; explicitFileType = wrapper.application; includeInIndex = 0; path = Instagrid.app; sourceTree = BUILT_PRODUCTS_DIR; };
		72138CDA22661C060054D597 /* AppDelegate.swift */ = {isa = PBXFileReference; lastKnownFileType = sourcecode.swift; path = AppDelegate.swift; sourceTree = "<group>"; };
		72138CDC22661C060054D597 /* ViewController.swift */ = {isa = PBXFileReference; lastKnownFileType = sourcecode.swift; path = ViewController.swift; sourceTree = "<group>"; };
		72138CDF22661C060054D597 /* Base */ = {isa = PBXFileReference; lastKnownFileType = file.storyboard; name = Base; path = Base.lproj/Main.storyboard; sourceTree = "<group>"; };
		72138CE122661C080054D597 /* Assets.xcassets */ = {isa = PBXFileReference; lastKnownFileType = folder.assetcatalog; path = Assets.xcassets; sourceTree = "<group>"; };
		72138CE422661C080054D597 /* Base */ = {isa = PBXFileReference; lastKnownFileType = file.storyboard; name = Base; path = Base.lproj/LaunchScreen.storyboard; sourceTree = "<group>"; };
		72138CE622661C080054D597 /* Info.plist */ = {isa = PBXFileReference; lastKnownFileType = text.plist.xml; path = Info.plist; sourceTree = "<group>"; };
		7225AD2E2269C24E00ABAA91 /* Delm-Medium.otf */ = {isa = PBXFileReference; lastKnownFileType = file; path = "Delm-Medium.otf"; sourceTree = "<group>"; };
		7225AD302269C28100ABAA91 /* ThirstySoftRegular.otf */ = {isa = PBXFileReference; lastKnownFileType = file; path = ThirstySoftRegular.otf; sourceTree = "<group>"; };
		725F1A452285AA980043A087 /* PhotosLayoutView.swift */ = {isa = PBXFileReference; lastKnownFileType = sourcecode.swift; path = PhotosLayoutView.swift; sourceTree = "<group>"; };
		72FF51DA2271F92F0087291C /* Layout.swift */ = {isa = PBXFileReference; lastKnownFileType = sourcecode.swift; path = Layout.swift; sourceTree = "<group>"; };
/* End PBXFileReference section */

/* Begin PBXFrameworksBuildPhase section */
		72138CD422661C060054D597 /* Frameworks */ = {
			isa = PBXFrameworksBuildPhase;
			buildActionMask = 2147483647;
			files = (
			);
			runOnlyForDeploymentPostprocessing = 0;
		};
/* End PBXFrameworksBuildPhase section */

/* Begin PBXGroup section */
		72138CCE22661C060054D597 = {
			isa = PBXGroup;
			children = (
				72138CD922661C060054D597 /* Instagrid */,
				72138CD822661C060054D597 /* Products */,
			);
			sourceTree = "<group>";
		};
		72138CD822661C060054D597 /* Products */ = {
			isa = PBXGroup;
			children = (
				72138CD722661C060054D597 /* Instagrid.app */,
			);
			name = Products;
			sourceTree = "<group>";
		};
		72138CD922661C060054D597 /* Instagrid */ = {
			isa = PBXGroup;
			children = (
				7225AD352269C2F700ABAA91 /* Model */,
				7225AD342269C2EC00ABAA91 /* Controller */,
				7225AD332269C2E400ABAA91 /* View */,
				7225AD322269C2D500ABAA91 /* SupportedFiles */,
				72138CE322661C080054D597 /* LaunchScreen.storyboard */,
			);
			path = Instagrid;
			sourceTree = "<group>";
		};
		7225AD322269C2D500ABAA91 /* SupportedFiles */ = {
			isa = PBXGroup;
			children = (
				72138CE122661C080054D597 /* Assets.xcassets */,
				72138CE622661C080054D597 /* Info.plist */,
				7225AD2E2269C24E00ABAA91 /* Delm-Medium.otf */,
				7225AD302269C28100ABAA91 /* ThirstySoftRegular.otf */,
				72138CDA22661C060054D597 /* AppDelegate.swift */,
			);
			path = SupportedFiles;
			sourceTree = "<group>";
		};
		7225AD332269C2E400ABAA91 /* View */ = {
			isa = PBXGroup;
			children = (
				72138CDE22661C060054D597 /* Main.storyboard */,
				725F1A452285AA980043A087 /* PhotosLayoutView.swift */,
			);
			path = View;
			sourceTree = "<group>";
		};
		7225AD342269C2EC00ABAA91 /* Controller */ = {
			isa = PBXGroup;
			children = (
				72138CDC22661C060054D597 /* ViewController.swift */,
			);
			path = Controller;
			sourceTree = "<group>";
		};
		7225AD352269C2F700ABAA91 /* Model */ = {
			isa = PBXGroup;
			children = (
				72FF51DA2271F92F0087291C /* Layout.swift */,
			);
			path = Model;
			sourceTree = "<group>";
		};
/* End PBXGroup section */

/* Begin PBXNativeTarget section */
		72138CD622661C060054D597 /* Instagrid */ = {
			isa = PBXNativeTarget;
			buildConfigurationList = 72138CE922661C080054D597 /* Build configuration list for PBXNativeTarget "Instagrid" */;
			buildPhases = (
				72138CD322661C060054D597 /* Sources */,
				72138CD422661C060054D597 /* Frameworks */,
				72138CD522661C060054D597 /* Resources */,
			);
			buildRules = (
			);
			dependencies = (
			);
			name = Instagrid;
			productName = Instagrid;
			productReference = 72138CD722661C060054D597 /* Instagrid.app */;
			productType = "com.apple.product-type.application";
		};
/* End PBXNativeTarget section */

/* Begin PBXProject section */
		72138CCF22661C060054D597 /* Project object */ = {
			isa = PBXProject;
			attributes = {
				LastSwiftUpdateCheck = 1020;
				LastUpgradeCheck = 1020;
				ORGANIZATIONNAME = "marianne massé";
				TargetAttributes = {
					72138CD622661C060054D597 = {
						CreatedOnToolsVersion = 10.2;
					};
				};
			};
			buildConfigurationList = 72138CD222661C060054D597 /* Build configuration list for PBXProject "Instagrid" */;
			compatibilityVersion = "Xcode 9.3";
			developmentRegion = en;
			hasScannedForEncodings = 0;
			knownRegions = (
				en,
				Base,
			);
			mainGroup = 72138CCE22661C060054D597;
			productRefGroup = 72138CD822661C060054D597 /* Products */;
			projectDirPath = "";
			projectRoot = "";
			targets = (
				72138CD622661C060054D597 /* Instagrid */,
			);
		};
/* End PBXProject section */

/* Begin PBXResourcesBuildPhase section */
		72138CD522661C060054D597 /* Resources */ = {
			isa = PBXResourcesBuildPhase;
			buildActionMask = 2147483647;
			files = (
				72138CE522661C080054D597 /* LaunchScreen.storyboard in Resources */,
				72138CE222661C080054D597 /* Assets.xcassets in Resources */,
				7225AD312269C28100ABAA91 /* ThirstySoftRegular.otf in Resources */,
				7225AD2F2269C24E00ABAA91 /* Delm-Medium.otf in Resources */,
				72138CE022661C060054D597 /* Main.storyboard in Resources */,
			);
			runOnlyForDeploymentPostprocessing = 0;
		};
/* End PBXResourcesBuildPhase section */

/* Begin PBXSourcesBuildPhase section */
		72138CD322661C060054D597 /* Sources */ = {
			isa = PBXSourcesBuildPhase;
			buildActionMask = 2147483647;
			files = (
				72138CDD22661C060054D597 /* ViewController.swift in Sources */,
				72138CDB22661C060054D597 /* AppDelegate.swift in Sources */,
				72FF51DB2271F9300087291C /* Layout.swift in Sources */,
				725F1A462285AA980043A087 /* PhotosLayoutView.swift in Sources */,
			);
			runOnlyForDeploymentPostprocessing = 0;
		};
/* End PBXSourcesBuildPhase section */

/* Begin PBXVariantGroup section */
		72138CDE22661C060054D597 /* Main.storyboard */ = {
			isa = PBXVariantGroup;
			children = (
				72138CDF22661C060054D597 /* Base */,
			);
			name = Main.storyboard;
			sourceTree = "<group>";
		};
		72138CE322661C080054D597 /* LaunchScreen.storyboard */ = {
			isa = PBXVariantGroup;
			children = (
				72138CE422661C080054D597 /* Base */,
			);
			name = LaunchScreen.storyboard;
			sourceTree = "<group>";
		};
/* End PBXVariantGroup section */

/* Begin XCBuildConfiguration section */
		72138CE722661C080054D597 /* Debug */ = {
			isa = XCBuildConfiguration;
			buildSettings = {
				ALWAYS_SEARCH_USER_PATHS = NO;
				CLANG_ANALYZER_NONNULL = YES;
				CLANG_ANALYZER_NUMBER_OBJECT_CONVERSION = YES_AGGRESSIVE;
				CLANG_CXX_LANGUAGE_STANDARD = "gnu++14";
				CLANG_CXX_LIBRARY = "libc++";
				CLANG_ENABLE_MODULES = YES;
				CLANG_ENABLE_OBJC_ARC = YES;
				CLANG_ENABLE_OBJC_WEAK = YES;
				CLANG_WARN_BLOCK_CAPTURE_AUTORELEASING = YES;
				CLANG_WARN_BOOL_CONVERSION = YES;
				CLANG_WARN_COMMA = YES;
				CLANG_WARN_CONSTANT_CONVERSION = YES;
				CLANG_WARN_DEPRECATED_OBJC_IMPLEMENTATIONS = YES;
				CLANG_WARN_DIRECT_OBJC_ISA_USAGE = YES_ERROR;
				CLANG_WARN_DOCUMENTATION_COMMENTS = YES;
				CLANG_WARN_EMPTY_BODY = YES;
				CLANG_WARN_ENUM_CONVERSION = YES;
				CLANG_WARN_INFINITE_RECURSION = YES;
				CLANG_WARN_INT_CONVERSION = YES;
				CLANG_WARN_NON_LITERAL_NULL_CONVERSION = YES;
				CLANG_WARN_OBJC_IMPLICIT_RETAIN_SELF = YES;
				CLANG_WARN_OBJC_LITERAL_CONVERSION = YES;
				CLANG_WARN_OBJC_ROOT_CLASS = YES_ERROR;
				CLANG_WARN_RANGE_LOOP_ANALYSIS = YES;
				CLANG_WARN_STRICT_PROTOTYPES = YES;
				CLANG_WARN_SUSPICIOUS_MOVE = YES;
				CLANG_WARN_UNGUARDED_AVAILABILITY = YES_AGGRESSIVE;
				CLANG_WARN_UNREACHABLE_CODE = YES;
				CLANG_WARN__DUPLICATE_METHOD_MATCH = YES;
				CODE_SIGN_IDENTITY = "iPhone Developer";
				COPY_PHASE_STRIP = NO;
				DEBUG_INFORMATION_FORMAT = dwarf;
				ENABLE_STRICT_OBJC_MSGSEND = YES;
				ENABLE_TESTABILITY = YES;
				GCC_C_LANGUAGE_STANDARD = gnu11;
				GCC_DYNAMIC_NO_PIC = NO;
				GCC_NO_COMMON_BLOCKS = YES;
				GCC_OPTIMIZATION_LEVEL = 0;
				GCC_PREPROCESSOR_DEFINITIONS = (
					"DEBUG=1",
					"$(inherited)",
				);
				GCC_WARN_64_TO_32_BIT_CONVERSION = YES;
				GCC_WARN_ABOUT_RETURN_TYPE = YES_ERROR;
				GCC_WARN_UNDECLARED_SELECTOR = YES;
				GCC_WARN_UNINITIALIZED_AUTOS = YES_AGGRESSIVE;
				GCC_WARN_UNUSED_FUNCTION = YES;
				GCC_WARN_UNUSED_VARIABLE = YES;
				INFOPLIST_FILE = Instagrid/SupportedFiles/Info.plist;
				IPHONEOS_DEPLOYMENT_TARGET = 12.2;
				MTL_ENABLE_DEBUG_INFO = INCLUDE_SOURCE;
				MTL_FAST_MATH = YES;
				ONLY_ACTIVE_ARCH = YES;
				SDKROOT = iphoneos;
				SWIFT_ACTIVE_COMPILATION_CONDITIONS = DEBUG;
				SWIFT_OPTIMIZATION_LEVEL = "-Onone";
			};
			name = Debug;
		};
		72138CE822661C080054D597 /* Release */ = {
			isa = XCBuildConfiguration;
			buildSettings = {
				ALWAYS_SEARCH_USER_PATHS = NO;
				CLANG_ANALYZER_NONNULL = YES;
				CLANG_ANALYZER_NUMBER_OBJECT_CONVERSION = YES_AGGRESSIVE;
				CLANG_CXX_LANGUAGE_STANDARD = "gnu++14";
				CLANG_CXX_LIBRARY = "libc++";
				CLANG_ENABLE_MODULES = YES;
				CLANG_ENABLE_OBJC_ARC = YES;
				CLANG_ENABLE_OBJC_WEAK = YES;
				CLANG_WARN_BLOCK_CAPTURE_AUTORELEASING = YES;
				CLANG_WARN_BOOL_CONVERSION = YES;
				CLANG_WARN_COMMA = YES;
				CLANG_WARN_CONSTANT_CONVERSION = YES;
				CLANG_WARN_DEPRECATED_OBJC_IMPLEMENTATIONS = YES;
				CLANG_WARN_DIRECT_OBJC_ISA_USAGE = YES_ERROR;
				CLANG_WARN_DOCUMENTATION_COMMENTS = YES;
				CLANG_WARN_EMPTY_BODY = YES;
				CLANG_WARN_ENUM_CONVERSION = YES;
				CLANG_WARN_INFINITE_RECURSION = YES;
				CLANG_WARN_INT_CONVERSION = YES;
				CLANG_WARN_NON_LITERAL_NULL_CONVERSION = YES;
				CLANG_WARN_OBJC_IMPLICIT_RETAIN_SELF = YES;
				CLANG_WARN_OBJC_LITERAL_CONVERSION = YES;
				CLANG_WARN_OBJC_ROOT_CLASS = YES_ERROR;
				CLANG_WARN_RANGE_LOOP_ANALYSIS = YES;
				CLANG_WARN_STRICT_PROTOTYPES = YES;
				CLANG_WARN_SUSPICIOUS_MOVE = YES;
				CLANG_WARN_UNGUARDED_AVAILABILITY = YES_AGGRESSIVE;
				CLANG_WARN_UNREACHABLE_CODE = YES;
				CLANG_WARN__DUPLICATE_METHOD_MATCH = YES;
				CODE_SIGN_IDENTITY = "iPhone Developer";
				COPY_PHASE_STRIP = NO;
				DEBUG_INFORMATION_FORMAT = "dwarf-with-dsym";
				ENABLE_NS_ASSERTIONS = NO;
				ENABLE_STRICT_OBJC_MSGSEND = YES;
				GCC_C_LANGUAGE_STANDARD = gnu11;
				GCC_NO_COMMON_BLOCKS = YES;
				GCC_WARN_64_TO_32_BIT_CONVERSION = YES;
				GCC_WARN_ABOUT_RETURN_TYPE = YES_ERROR;
				GCC_WARN_UNDECLARED_SELECTOR = YES;
				GCC_WARN_UNINITIALIZED_AUTOS = YES_AGGRESSIVE;
				GCC_WARN_UNUSED_FUNCTION = YES;
				GCC_WARN_UNUSED_VARIABLE = YES;
				INFOPLIST_FILE = Instagrid/SupportedFiles/Info.plist;
				IPHONEOS_DEPLOYMENT_TARGET = 12.2;
				MTL_ENABLE_DEBUG_INFO = NO;
				MTL_FAST_MATH = YES;
				SDKROOT = iphoneos;
				SWIFT_COMPILATION_MODE = wholemodule;
				SWIFT_OPTIMIZATION_LEVEL = "-O";
				VALIDATE_PRODUCT = YES;
			};
			name = Release;
		};
		72138CEA22661C080054D597 /* Debug */ = {
			isa = XCBuildConfiguration;
			buildSettings = {
				ASSETCATALOG_COMPILER_APPICON_NAME = AppIcon;
				CODE_SIGN_STYLE = Automatic;
				DEVELOPMENT_TEAM = BGGLL93M78;
				INFOPLIST_FILE = Instagrid/SupportedFiles/Info.plist;
				LD_RUNPATH_SEARCH_PATHS = (
					"$(inherited)",
					"@executable_path/Frameworks",
				);
				PRODUCT_BUNDLE_IDENTIFIER = com.mji.Instagrid;
				PRODUCT_NAME = "$(TARGET_NAME)";
				SWIFT_VERSION = 4.2;
				TARGETED_DEVICE_FAMILY = 1;
			};
			name = Debug;
		};
		72138CEB22661C080054D597 /* Release */ = {
			isa = XCBuildConfiguration;
			buildSettings = {
				ASSETCATALOG_COMPILER_APPICON_NAME = AppIcon;
				CODE_SIGN_STYLE = Automatic;
				DEVELOPMENT_TEAM = BGGLL93M78;
				INFOPLIST_FILE = Instagrid/SupportedFiles/Info.plist;
				LD_RUNPATH_SEARCH_PATHS = (
					"$(inherited)",
					"@executable_path/Frameworks",
				);
				PRODUCT_BUNDLE_IDENTIFIER = com.mji.Instagrid;
				PRODUCT_NAME = "$(TARGET_NAME)";
				SWIFT_VERSION = 4.2;
				TARGETED_DEVICE_FAMILY = 1;
			};
			name = Release;
		};
/* End XCBuildConfiguration section */

/* Begin XCConfigurationList section */
		72138CD222661C060054D597 /* Build configuration list for PBXProject "Instagrid" */ = {
			isa = XCConfigurationList;
			buildConfigurations = (
				72138CE722661C080054D597 /* Debug */,
				72138CE822661C080054D597 /* Release */,
			);
			defaultConfigurationIsVisible = 0;
			defaultConfigurationName = Release;
		};
		72138CE922661C080054D597 /* Build configuration list for PBXNativeTarget "Instagrid" */ = {
			isa = XCConfigurationList;
			buildConfigurations = (
				72138CEA22661C080054D597 /* Debug */,
				72138CEB22661C080054D597 /* Release */,
			);
			defaultConfigurationIsVisible = 0;
			defaultConfigurationName = Release;
		};
/* End XCConfigurationList section */
	};
	rootObject = 72138CCF22661C060054D597 /* Project object */;
}
